// !$*UTF8*$!
{
	archiveVersion = 1;
	classes = {
	};
	objectVersion = 55;
	objects = {

/* Begin PBXBuildFile section */
		F9EDC1C0283B762100B45A1C /* LiveCamApp.swift in Sources */ = {isa = PBXBuildFile; fileRef = F9EDC1BF283B762100B45A1C /* LiveCamApp.swift */; };
		F9EDC1C2283B762100B45A1C /* ContentView.swift in Sources */ = {isa = PBXBuildFile; fileRef = F9EDC1C1283B762100B45A1C /* ContentView.swift */; };
		F9EDC1C4283B762200B45A1C /* Assets.xcassets in Resources */ = {isa = PBXBuildFile; fileRef = F9EDC1C3283B762200B45A1C /* Assets.xcassets */; };
		F9EDC1C7283B762200B45A1C /* Preview Assets.xcassets in Resources */ = {isa = PBXBuildFile; fileRef = F9EDC1C6283B762200B45A1C /* Preview Assets.xcassets */; };
		F9EDC1D1283B762300B45A1C /* LiveCamTests.swift in Sources */ = {isa = PBXBuildFile; fileRef = F9EDC1D0283B762300B45A1C /* LiveCamTests.swift */; };
		F9EDC1DB283B762300B45A1C /* LiveCamUITests.swift in Sources */ = {isa = PBXBuildFile; fileRef = F9EDC1DA283B762300B45A1C /* LiveCamUITests.swift */; };
		F9EDC1DD283B762300B45A1C /* LiveCamUITestsLaunchTests.swift in Sources */ = {isa = PBXBuildFile; fileRef = F9EDC1DC283B762300B45A1C /* LiveCamUITestsLaunchTests.swift */; };
		F9EDC1EA283B768200B45A1C /* LiveCamViewModel.swift in Sources */ = {isa = PBXBuildFile; fileRef = F9EDC1E9283B768200B45A1C /* LiveCamViewModel.swift */; };
/* End PBXBuildFile section */

/* Begin PBXContainerItemProxy section */
		F9EDC1CD283B762300B45A1C /* PBXContainerItemProxy */ = {
			isa = PBXContainerItemProxy;
			containerPortal = F9EDC1B4283B762100B45A1C /* Project object */;
			proxyType = 1;
			remoteGlobalIDString = F9EDC1BB283B762100B45A1C;
			remoteInfo = LiveCam;
		};
		F9EDC1D7283B762300B45A1C /* PBXContainerItemProxy */ = {
			isa = PBXContainerItemProxy;
			containerPortal = F9EDC1B4283B762100B45A1C /* Project object */;
			proxyType = 1;
			remoteGlobalIDString = F9EDC1BB283B762100B45A1C;
			remoteInfo = LiveCam;
		};
/* End PBXContainerItemProxy section */

/* Begin PBXFileReference section */
		F9EDC1BC283B762100B45A1C /* LiveCam.app */ = {isa = PBXFileReference; explicitFileType = wrapper.application; includeInIndex = 0; path = LiveCam.app; sourceTree = BUILT_PRODUCTS_DIR; };
		F9EDC1BF283B762100B45A1C /* LiveCamApp.swift */ = {isa = PBXFileReference; lastKnownFileType = sourcecode.swift; path = LiveCamApp.swift; sourceTree = "<group>"; };
		F9EDC1C1283B762100B45A1C /* ContentView.swift */ = {isa = PBXFileReference; lastKnownFileType = sourcecode.swift; path = ContentView.swift; sourceTree = "<group>"; };
		F9EDC1C3283B762200B45A1C /* Assets.xcassets */ = {isa = PBXFileReference; lastKnownFileType = folder.assetcatalog; path = Assets.xcassets; sourceTree = "<group>"; };
		F9EDC1C6283B762200B45A1C /* Preview Assets.xcassets */ = {isa = PBXFileReference; lastKnownFileType = folder.assetcatalog; path = "Preview Assets.xcassets"; sourceTree = "<group>"; };
		F9EDC1CC283B762300B45A1C /* LiveCamTests.xctest */ = {isa = PBXFileReference; explicitFileType = wrapper.cfbundle; includeInIndex = 0; path = LiveCamTests.xctest; sourceTree = BUILT_PRODUCTS_DIR; };
		F9EDC1D0283B762300B45A1C /* LiveCamTests.swift */ = {isa = PBXFileReference; lastKnownFileType = sourcecode.swift; path = LiveCamTests.swift; sourceTree = "<group>"; };
		F9EDC1D6283B762300B45A1C /* LiveCamUITests.xctest */ = {isa = PBXFileReference; explicitFileType = wrapper.cfbundle; includeInIndex = 0; path = LiveCamUITests.xctest; sourceTree = BUILT_PRODUCTS_DIR; };
		F9EDC1DA283B762300B45A1C /* LiveCamUITests.swift */ = {isa = PBXFileReference; lastKnownFileType = sourcecode.swift; path = LiveCamUITests.swift; sourceTree = "<group>"; };
		F9EDC1DC283B762300B45A1C /* LiveCamUITestsLaunchTests.swift */ = {isa = PBXFileReference; lastKnownFileType = sourcecode.swift; path = LiveCamUITestsLaunchTests.swift; sourceTree = "<group>"; };
		F9EDC1E9283B768200B45A1C /* LiveCamViewModel.swift */ = {isa = PBXFileReference; fileEncoding = 4; lastKnownFileType = sourcecode.swift; path = LiveCamViewModel.swift; sourceTree = "<group>"; };
		F9EDC1EB283B774100B45A1C /* Info.plist */ = {isa = PBXFileReference; lastKnownFileType = text.plist; path = Info.plist; sourceTree = "<group>"; };
/* End PBXFileReference section */

/* Begin PBXFrameworksBuildPhase section */
		F9EDC1B9283B762100B45A1C /* Frameworks */ = {
			isa = PBXFrameworksBuildPhase;
			buildActionMask = 2147483647;
			files = (
			);
			runOnlyForDeploymentPostprocessing = 0;
		};
		F9EDC1C9283B762300B45A1C /* Frameworks */ = {
			isa = PBXFrameworksBuildPhase;
			buildActionMask = 2147483647;
			files = (
			);
			runOnlyForDeploymentPostprocessing = 0;
		};
		F9EDC1D3283B762300B45A1C /* Frameworks */ = {
			isa = PBXFrameworksBuildPhase;
			buildActionMask = 2147483647;
			files = (
			);
			runOnlyForDeploymentPostprocessing = 0;
		};
/* End PBXFrameworksBuildPhase section */

/* Begin PBXGroup section */
		F9EDC1B3283B762100B45A1C = {
			isa = PBXGroup;
			children = (
				F9EDC1BE283B762100B45A1C /* LiveCam */,
				F9EDC1CF283B762300B45A1C /* LiveCamTests */,
				F9EDC1D9283B762300B45A1C /* LiveCamUITests */,
				F9EDC1BD283B762100B45A1C /* Products */,
			);
			sourceTree = "<group>";
		};
		F9EDC1BD283B762100B45A1C /* Products */ = {
			isa = PBXGroup;
			children = (
				F9EDC1BC283B762100B45A1C /* LiveCam.app */,
				F9EDC1CC283B762300B45A1C /* LiveCamTests.xctest */,
				F9EDC1D6283B762300B45A1C /* LiveCamUITests.xctest */,
			);
			name = Products;
			sourceTree = "<group>";
		};
		F9EDC1BE283B762100B45A1C /* LiveCam */ = {
			isa = PBXGroup;
			children = (
				F9EDC1BF283B762100B45A1C /* LiveCamApp.swift */,
				F9EDC1C1283B762100B45A1C /* ContentView.swift */,
				F9EDC1E9283B768200B45A1C /* LiveCamViewModel.swift */,
				F9EDC1C3283B762200B45A1C /* Assets.xcassets */,
				F9EDC1EB283B774100B45A1C /* Info.plist */,
				F9EDC1C5283B762200B45A1C /* Preview Content */,
			);
			path = LiveCam;
			sourceTree = "<group>";
		};
		F9EDC1C5283B762200B45A1C /* Preview Content */ = {
			isa = PBXGroup;
			children = (
				F9EDC1C6283B762200B45A1C /* Preview Assets.xcassets */,
			);
			path = "Preview Content";
			sourceTree = "<group>";
		};
		F9EDC1CF283B762300B45A1C /* LiveCamTests */ = {
			isa = PBXGroup;
			children = (
				F9EDC1D0283B762300B45A1C /* LiveCamTests.swift */,
			);
			path = LiveCamTests;
			sourceTree = "<group>";
		};
		F9EDC1D9283B762300B45A1C /* LiveCamUITests */ = {
			isa = PBXGroup;
			children = (
				F9EDC1DA283B762300B45A1C /* LiveCamUITests.swift */,
				F9EDC1DC283B762300B45A1C /* LiveCamUITestsLaunchTests.swift */,
			);
			path = LiveCamUITests;
			sourceTree = "<group>";
		};
/* End PBXGroup section */

/* Begin PBXNativeTarget section */
		F9EDC1BB283B762100B45A1C /* LiveCam */ = {
			isa = PBXNativeTarget;
			buildConfigurationList = F9EDC1E0283B762300B45A1C /* Build configuration list for PBXNativeTarget "LiveCam" */;
			buildPhases = (
				F9EDC1B8283B762100B45A1C /* Sources */,
				F9EDC1B9283B762100B45A1C /* Frameworks */,
				F9EDC1BA283B762100B45A1C /* Resources */,
			);
			buildRules = (
			);
			dependencies = (
			);
			name = LiveCam;
			productName = LiveCam;
			productReference = F9EDC1BC283B762100B45A1C /* LiveCam.app */;
			productType = "com.apple.product-type.application";
		};
		F9EDC1CB283B762300B45A1C /* LiveCamTests */ = {
			isa = PBXNativeTarget;
			buildConfigurationList = F9EDC1E3283B762300B45A1C /* Build configuration list for PBXNativeTarget "LiveCamTests" */;
			buildPhases = (
				F9EDC1C8283B762300B45A1C /* Sources */,
				F9EDC1C9283B762300B45A1C /* Frameworks */,
				F9EDC1CA283B762300B45A1C /* Resources */,
			);
			buildRules = (
			);
			dependencies = (
				F9EDC1CE283B762300B45A1C /* PBXTargetDependency */,
			);
			name = LiveCamTests;
			productName = LiveCamTests;
			productReference = F9EDC1CC283B762300B45A1C /* LiveCamTests.xctest */;
			productType = "com.apple.product-type.bundle.unit-test";
		};
		F9EDC1D5283B762300B45A1C /* LiveCamUITests */ = {
			isa = PBXNativeTarget;
			buildConfigurationList = F9EDC1E6283B762300B45A1C /* Build configuration list for PBXNativeTarget "LiveCamUITests" */;
			buildPhases = (
				F9EDC1D2283B762300B45A1C /* Sources */,
				F9EDC1D3283B762300B45A1C /* Frameworks */,
				F9EDC1D4283B762300B45A1C /* Resources */,
			);
			buildRules = (
			);
			dependencies = (
				F9EDC1D8283B762300B45A1C /* PBXTargetDependency */,
			);
			name = LiveCamUITests;
			productName = LiveCamUITests;
			productReference = F9EDC1D6283B762300B45A1C /* LiveCamUITests.xctest */;
			productType = "com.apple.product-type.bundle.ui-testing";
		};
/* End PBXNativeTarget section */

/* Begin PBXProject section */
		F9EDC1B4283B762100B45A1C /* Project object */ = {
			isa = PBXProject;
			attributes = {
				BuildIndependentTargetsInParallel = 1;
				LastSwiftUpdateCheck = 1340;
				LastUpgradeCheck = 1340;
				TargetAttributes = {
					F9EDC1BB283B762100B45A1C = {
						CreatedOnToolsVersion = 13.4;
					};
					F9EDC1CB283B762300B45A1C = {
						CreatedOnToolsVersion = 13.4;
						TestTargetID = F9EDC1BB283B762100B45A1C;
					};
					F9EDC1D5283B762300B45A1C = {
						CreatedOnToolsVersion = 13.4;
						TestTargetID = F9EDC1BB283B762100B45A1C;
					};
				};
			};
			buildConfigurationList = F9EDC1B7283B762100B45A1C /* Build configuration list for PBXProject "LiveCam" */;
			compatibilityVersion = "Xcode 13.0";
			developmentRegion = en;
			hasScannedForEncodings = 0;
			knownRegions = (
				en,
				Base,
			);
			mainGroup = F9EDC1B3283B762100B45A1C;
			productRefGroup = F9EDC1BD283B762100B45A1C /* Products */;
			projectDirPath = "";
			projectRoot = "";
			targets = (
				F9EDC1BB283B762100B45A1C /* LiveCam */,
				F9EDC1CB283B762300B45A1C /* LiveCamTests */,
				F9EDC1D5283B762300B45A1C /* LiveCamUITests */,
			);
		};
/* End PBXProject section */

/* Begin PBXResourcesBuildPhase section */
		F9EDC1BA283B762100B45A1C /* Resources */ = {
			isa = PBXResourcesBuildPhase;
			buildActionMask = 2147483647;
			files = (
				F9EDC1C7283B762200B45A1C /* Preview Assets.xcassets in Resources */,
				F9EDC1C4283B762200B45A1C /* Assets.xcassets in Resources */,
			);
			runOnlyForDeploymentPostprocessing = 0;
		};
		F9EDC1CA283B762300B45A1C /* Resources */ = {
			isa = PBXResourcesBuildPhase;
			buildActionMask = 2147483647;
			files = (
			);
			runOnlyForDeploymentPostprocessing = 0;
		};
		F9EDC1D4283B762300B45A1C /* Resources */ = {
			isa = PBXResourcesBuildPhase;
			buildActionMask = 2147483647;
			files = (
			);
			runOnlyForDeploymentPostprocessing = 0;
		};
/* End PBXResourcesBuildPhase section */

/* Begin PBXSourcesBuildPhase section */
		F9EDC1B8283B762100B45A1C /* Sources */ = {
			isa = PBXSourcesBuildPhase;
			buildActionMask = 2147483647;
			files = (
				F9EDC1C2283B762100B45A1C /* ContentView.swift in Sources */,
				F9EDC1EA283B768200B45A1C /* LiveCamViewModel.swift in Sources */,
				F9EDC1C0283B762100B45A1C /* LiveCamApp.swift in Sources */,
			);
			runOnlyForDeploymentPostprocessing = 0;
		};
		F9EDC1C8283B762300B45A1C /* Sources */ = {
			isa = PBXSourcesBuildPhase;
			buildActionMask = 2147483647;
			files = (
				F9EDC1D1283B762300B45A1C /* LiveCamTests.swift in Sources */,
			);
			runOnlyForDeploymentPostprocessing = 0;
		};
		F9EDC1D2283B762300B45A1C /* Sources */ = {
			isa = PBXSourcesBuildPhase;
			buildActionMask = 2147483647;
			files = (
				F9EDC1DD283B762300B45A1C /* LiveCamUITestsLaunchTests.swift in Sources */,
				F9EDC1DB283B762300B45A1C /* LiveCamUITests.swift in Sources */,
			);
			runOnlyForDeploymentPostprocessing = 0;
		};
/* End PBXSourcesBuildPhase section */

/* Begin PBXTargetDependency section */
		F9EDC1CE283B762300B45A1C /* PBXTargetDependency */ = {
			isa = PBXTargetDependency;
			target = F9EDC1BB283B762100B45A1C /* LiveCam */;
			targetProxy = F9EDC1CD283B762300B45A1C /* PBXContainerItemProxy */;
		};
		F9EDC1D8283B762300B45A1C /* PBXTargetDependency */ = {
			isa = PBXTargetDependency;
			target = F9EDC1BB283B762100B45A1C /* LiveCam */;
			targetProxy = F9EDC1D7283B762300B45A1C /* PBXContainerItemProxy */;
		};
/* End PBXTargetDependency section */

/* Begin XCBuildConfiguration section */
		F9EDC1DE283B762300B45A1C /* Debug */ = {
			isa = XCBuildConfiguration;
			buildSettings = {
				ALWAYS_SEARCH_USER_PATHS = NO;
				CLANG_ANALYZER_NONNULL = YES;
				CLANG_ANALYZER_NUMBER_OBJECT_CONVERSION = YES_AGGRESSIVE;
				CLANG_CXX_LANGUAGE_STANDARD = "gnu++17";
				CLANG_ENABLE_MODULES = YES;
				CLANG_ENABLE_OBJC_ARC = YES;
				CLANG_ENABLE_OBJC_WEAK = YES;
				CLANG_WARN_BLOCK_CAPTURE_AUTORELEASING = YES;
				CLANG_WARN_BOOL_CONVERSION = YES;
				CLANG_WARN_COMMA = YES;
				CLANG_WARN_CONSTANT_CONVERSION = YES;
				CLANG_WARN_DEPRECATED_OBJC_IMPLEMENTATIONS = YES;
				CLANG_WARN_DIRECT_OBJC_ISA_USAGE = YES_ERROR;
				CLANG_WARN_DOCUMENTATION_COMMENTS = YES;
				CLANG_WARN_EMPTY_BODY = YES;
				CLANG_WARN_ENUM_CONVERSION = YES;
				CLANG_WARN_INFINITE_RECURSION = YES;
				CLANG_WARN_INT_CONVERSION = YES;
				CLANG_WARN_NON_LITERAL_NULL_CONVERSION = YES;
				CLANG_WARN_OBJC_IMPLICIT_RETAIN_SELF = YES;
				CLANG_WARN_OBJC_LITERAL_CONVERSION = YES;
				CLANG_WARN_OBJC_ROOT_CLASS = YES_ERROR;
				CLANG_WARN_QUOTED_INCLUDE_IN_FRAMEWORK_HEADER = YES;
				CLANG_WARN_RANGE_LOOP_ANALYSIS = YES;
				CLANG_WARN_STRICT_PROTOTYPES = YES;
				CLANG_WARN_SUSPICIOUS_MOVE = YES;
				CLANG_WARN_UNGUARDED_AVAILABILITY = YES_AGGRESSIVE;
				CLANG_WARN_UNREACHABLE_CODE = YES;
				CLANG_WARN__DUPLICATE_METHOD_MATCH = YES;
				COPY_PHASE_STRIP = NO;
				DEBUG_INFORMATION_FORMAT = dwarf;
				ENABLE_STRICT_OBJC_MSGSEND = YES;
				ENABLE_TESTABILITY = YES;
				GCC_C_LANGUAGE_STANDARD = gnu11;
				GCC_DYNAMIC_NO_PIC = NO;
				GCC_NO_COMMON_BLOCKS = YES;
				GCC_OPTIMIZATION_LEVEL = 0;
				GCC_PREPROCESSOR_DEFINITIONS = (
					"DEBUG=1",
					"$(inherited)",
				);
				GCC_WARN_64_TO_32_BIT_CONVERSION = YES;
				GCC_WARN_ABOUT_RETURN_TYPE = YES_ERROR;
				GCC_WARN_UNDECLARED_SELECTOR = YES;
				GCC_WARN_UNINITIALIZED_AUTOS = YES_AGGRESSIVE;
				GCC_WARN_UNUSED_FUNCTION = YES;
				GCC_WARN_UNUSED_VARIABLE = YES;
				IPHONEOS_DEPLOYMENT_TARGET = 15.4;
				MTL_ENABLE_DEBUG_INFO = INCLUDE_SOURCE;
				MTL_FAST_MATH = YES;
				ONLY_ACTIVE_ARCH = YES;
				SDKROOT = iphoneos;
				SWIFT_ACTIVE_COMPILATION_CONDITIONS = DEBUG;
				SWIFT_OPTIMIZATION_LEVEL = "-Onone";
			};
			name = Debug;
		};
		F9EDC1DF283B762300B45A1C /* Release */ = {
			isa = XCBuildConfiguration;
			buildSettings = {
				ALWAYS_SEARCH_USER_PATHS = NO;
				CLANG_ANALYZER_NONNULL = YES;
				CLANG_ANALYZER_NUMBER_OBJECT_CONVERSION = YES_AGGRESSIVE;
				CLANG_CXX_LANGUAGE_STANDARD = "gnu++17";
				CLANG_ENABLE_MODULES = YES;
				CLANG_ENABLE_OBJC_ARC = YES;
				CLANG_ENABLE_OBJC_WEAK = YES;
				CLANG_WARN_BLOCK_CAPTURE_AUTORELEASING = YES;
				CLANG_WARN_BOOL_CONVERSION = YES;
				CLANG_WARN_COMMA = YES;
				CLANG_WARN_CONSTANT_CONVERSION = YES;
				CLANG_WARN_DEPRECATED_OBJC_IMPLEMENTATIONS = YES;
				CLANG_WARN_DIRECT_OBJC_ISA_USAGE = YES_ERROR;
				CLANG_WARN_DOCUMENTATION_COMMENTS = YES;
				CLANG_WARN_EMPTY_BODY = YES;
				CLANG_WARN_ENUM_CONVERSION = YES;
				CLANG_WARN_INFINITE_RECURSION = YES;
				CLANG_WARN_INT_CONVERSION = YES;
				CLANG_WARN_NON_LITERAL_NULL_CONVERSION = YES;
				CLANG_WARN_OBJC_IMPLICIT_RETAIN_SELF = YES;
				CLANG_WARN_OBJC_LITERAL_CONVERSION = YES;
				CLANG_WARN_OBJC_ROOT_CLASS = YES_ERROR;
				CLANG_WARN_QUOTED_INCLUDE_IN_FRAMEWORK_HEADER = YES;
				CLANG_WARN_RANGE_LOOP_ANALYSIS = YES;
				CLANG_WARN_STRICT_PROTOTYPES = YES;
				CLANG_WARN_SUSPICIOUS_MOVE = YES;
				CLANG_WARN_UNGUARDED_AVAILABILITY = YES_AGGRESSIVE;
				CLANG_WARN_UNREACHABLE_CODE = YES;
				CLANG_WARN__DUPLICATE_METHOD_MATCH = YES;
				COPY_PHASE_STRIP = NO;
				DEBUG_INFORMATION_FORMAT = "dwarf-with-dsym";
				ENABLE_NS_ASSERTIONS = NO;
				ENABLE_STRICT_OBJC_MSGSEND = YES;
				GCC_C_LANGUAGE_STANDARD = gnu11;
				GCC_NO_COMMON_BLOCKS = YES;
				GCC_WARN_64_TO_32_BIT_CONVERSION = YES;
				GCC_WARN_ABOUT_RETURN_TYPE = YES_ERROR;
				GCC_WARN_UNDECLARED_SELECTOR = YES;
				GCC_WARN_UNINITIALIZED_AUTOS = YES_AGGRESSIVE;
				GCC_WARN_UNUSED_FUNCTION = YES;
				GCC_WARN_UNUSED_VARIABLE = YES;
				IPHONEOS_DEPLOYMENT_TARGET = 15.4;
				MTL_ENABLE_DEBUG_INFO = NO;
				MTL_FAST_MATH = YES;
				SDKROOT = iphoneos;
				SWIFT_COMPILATION_MODE = wholemodule;
				SWIFT_OPTIMIZATION_LEVEL = "-O";
				VALIDATE_PRODUCT = YES;
			};
			name = Release;
		};
		F9EDC1E1283B762300B45A1C /* Debug */ = {
			isa = XCBuildConfiguration;
			buildSettings = {
				ASSETCATALOG_COMPILER_APPICON_NAME = AppIcon;
				ASSETCATALOG_COMPILER_GLOBAL_ACCENT_COLOR_NAME = AccentColor;
				CODE_SIGN_STYLE = Automatic;
				CURRENT_PROJECT_VERSION = 1;
				DEVELOPMENT_ASSET_PATHS = "\"LiveCam/Preview Content\"";
				DEVELOPMENT_TEAM = 97JN7SJ3KH;
				ENABLE_PREVIEWS = YES;
				GENERATE_INFOPLIST_FILE = YES;
				INFOPLIST_FILE = LiveCam/Info.plist;
				INFOPLIST_KEY_UIApplicationSceneManifest_Generation = YES;
				INFOPLIST_KEY_UIApplicationSupportsIndirectInputEvents = YES;
				INFOPLIST_KEY_UILaunchScreen_Generation = YES;
				INFOPLIST_KEY_UISupportedInterfaceOrientations_iPad = "UIInterfaceOrientationPortrait UIInterfaceOrientationPortraitUpsideDown UIInterfaceOrientationLandscapeLeft UIInterfaceOrientationLandscapeRight";
				INFOPLIST_KEY_UISupportedInterfaceOrientations_iPhone = "UIInterfaceOrientationPortrait UIInterfaceOrientationLandscapeLeft UIInterfaceOrientationLandscapeRight";
				LD_RUNPATH_SEARCH_PATHS = (
					"$(inherited)",
					"@executable_path/Frameworks",
				);
				MARKETING_VERSION = 1.0;
				PRODUCT_BUNDLE_IDENTIFIER = com.weathernews.LiveCam;
				PRODUCT_NAME = "$(TARGET_NAME)";
				SWIFT_EMIT_LOC_STRINGS = YES;
				SWIFT_VERSION = 5.0;
				TARGETED_DEVICE_FAMILY = "1,2";
			};
			name = Debug;
		};
		F9EDC1E2283B762300B45A1C /* Release */ = {
			isa = XCBuildConfiguration;
			buildSettings = {
				ASSETCATALOG_COMPILER_APPICON_NAME = AppIcon;
				ASSETCATALOG_COMPILER_GLOBAL_ACCENT_COLOR_NAME = AccentColor;
				CODE_SIGN_STYLE = Automatic;
				CURRENT_PROJECT_VERSION = 1;
				DEVELOPMENT_ASSET_PATHS = "\"LiveCam/Preview Content\"";
				DEVELOPMENT_TEAM = 97JN7SJ3KH;
				ENABLE_PREVIEWS = YES;
				GENERATE_INFOPLIST_FILE = YES;
				INFOPLIST_FILE = LiveCam/Info.plist;
				INFOPLIST_KEY_UIApplicationSceneManifest_Generation = YES;
				INFOPLIST_KEY_UIApplicationSupportsIndirectInputEvents = YES;
				INFOPLIST_KEY_UILaunchScreen_Generation = YES;
				INFOPLIST_KEY_UISupportedInterfaceOrientations_iPad = "UIInterfaceOrientationPortrait UIInterfaceOrientationPortraitUpsideDown UIInterfaceOrientationLandscapeLeft UIInterfaceOrientationLandscapeRight";
				INFOPLIST_KEY_UISupportedInterfaceOrientations_iPhone = "UIInterfaceOrientationPortrait UIInterfaceOrientationLandscapeLeft UIInterfaceOrientationLandscapeRight";
				LD_RUNPATH_SEARCH_PATHS = (
					"$(inherited)",
					"@executable_path/Frameworks",
				);
				MARKETING_VERSION = 1.0;
				PRODUCT_BUNDLE_IDENTIFIER = com.weathernews.LiveCam;
				PRODUCT_NAME = "$(TARGET_NAME)";
				SWIFT_EMIT_LOC_STRINGS = YES;
				SWIFT_VERSION = 5.0;
				TARGETED_DEVICE_FAMILY = "1,2";
			};
			name = Release;
		};
		F9EDC1E4283B762300B45A1C /* Debug */ = {
			isa = XCBuildConfiguration;
			buildSettings = {
				ALWAYS_EMBED_SWIFT_STANDARD_LIBRARIES = YES;
				BUNDLE_LOADER = "$(TEST_HOST)";
				CODE_SIGN_STYLE = Automatic;
				CURRENT_PROJECT_VERSION = 1;
				DEVELOPMENT_TEAM = 97JN7SJ3KH;
				GENERATE_INFOPLIST_FILE = YES;
				IPHONEOS_DEPLOYMENT_TARGET = 15.5;
				MARKETING_VERSION = 1.0;
				PRODUCT_BUNDLE_IDENTIFIER = com.weathernews.LiveCamTests;
				PRODUCT_NAME = "$(TARGET_NAME)";
				SWIFT_EMIT_LOC_STRINGS = NO;
				SWIFT_VERSION = 5.0;
				TARGETED_DEVICE_FAMILY = "1,2";
				TEST_HOST = "$(BUILT_PRODUCTS_DIR)/LiveCam.app/LiveCam";
			};
			name = Debug;
		};
		F9EDC1E5283B762300B45A1C /* Release */ = {
			isa = XCBuildConfiguration;
			buildSettings = {
				ALWAYS_EMBED_SWIFT_STANDARD_LIBRARIES = YES;
				BUNDLE_LOADER = "$(TEST_HOST)";
				CODE_SIGN_STYLE = Automatic;
				CURRENT_PROJECT_VERSION = 1;
				DEVELOPMENT_TEAM = 97JN7SJ3KH;
				GENERATE_INFOPLIST_FILE = YES;
				IPHONEOS_DEPLOYMENT_TARGET = 15.5;
				MARKETING_VERSION = 1.0;
				PRODUCT_BUNDLE_IDENTIFIER = com.weathernews.LiveCamTests;
				PRODUCT_NAME = "$(TARGET_NAME)";
				SWIFT_EMIT_LOC_STRINGS = NO;
				SWIFT_VERSION = 5.0;
				TARGETED_DEVICE_FAMILY = "1,2";
				TEST_HOST = "$(BUILT_PRODUCTS_DIR)/LiveCam.app/LiveCam";
			};
			name = Release;
		};
		F9EDC1E7283B762300B45A1C /* Debug */ = {
			isa = XCBuildConfiguration;
			buildSettings = {
				ALWAYS_EMBED_SWIFT_STANDARD_LIBRARIES = YES;
				CODE_SIGN_STYLE = Automatic;
				CURRENT_PROJECT_VERSION = 1;
				DEVELOPMENT_TEAM = 97JN7SJ3KH;
				GENERATE_INFOPLIST_FILE = YES;
				MARKETING_VERSION = 1.0;
				PRODUCT_BUNDLE_IDENTIFIER = com.weathernews.LiveCamUITests;
				PRODUCT_NAME = "$(TARGET_NAME)";
				SWIFT_EMIT_LOC_STRINGS = NO;
				SWIFT_VERSION = 5.0;
				TARGETED_DEVICE_FAMILY = "1,2";
				TEST_TARGET_NAME = LiveCam;
			};
			name = Debug;
		};
		F9EDC1E8283B762300B45A1C /* Release */ = {
			isa = XCBuildConfiguration;
			buildSettings = {
				ALWAYS_EMBED_SWIFT_STANDARD_LIBRARIES = YES;
				CODE_SIGN_STYLE = Automatic;
				CURRENT_PROJECT_VERSION = 1;
				DEVELOPMENT_TEAM = 97JN7SJ3KH;
				GENERATE_INFOPLIST_FILE = YES;
				MARKETING_VERSION = 1.0;
				PRODUCT_BUNDLE_IDENTIFIER = com.weathernews.LiveCamUITests;
				PRODUCT_NAME = "$(TARGET_NAME)";
				SWIFT_EMIT_LOC_STRINGS = NO;
				SWIFT_VERSION = 5.0;
				TARGETED_DEVICE_FAMILY = "1,2";
				TEST_TARGET_NAME = LiveCam;
			};
			name = Release;
		};
/* End XCBuildConfiguration section */

/* Begin XCConfigurationList section */
		F9EDC1B7283B762100B45A1C /* Build configuration list for PBXProject "LiveCam" */ = {
			isa = XCConfigurationList;
			buildConfigurations = (
				F9EDC1DE283B762300B45A1C /* Debug */,
				F9EDC1DF283B762300B45A1C /* Release */,
			);
			defaultConfigurationIsVisible = 0;
			defaultConfigurationName = Release;
		};
		F9EDC1E0283B762300B45A1C /* Build configuration list for PBXNativeTarget "LiveCam" */ = {
			isa = XCConfigurationList;
			buildConfigurations = (
				F9EDC1E1283B762300B45A1C /* Debug */,
				F9EDC1E2283B762300B45A1C /* Release */,
			);
			defaultConfigurationIsVisible = 0;
			defaultConfigurationName = Release;
		};
		F9EDC1E3283B762300B45A1C /* Build configuration list for PBXNativeTarget "LiveCamTests" */ = {
			isa = XCConfigurationList;
			buildConfigurations = (
				F9EDC1E4283B762300B45A1C /* Debug */,
				F9EDC1E5283B762300B45A1C /* Release */,
			);
			defaultConfigurationIsVisible = 0;
			defaultConfigurationName = Release;
		};
		F9EDC1E6283B762300B45A1C /* Build configuration list for PBXNativeTarget "LiveCamUITests" */ = {
			isa = XCConfigurationList;
			buildConfigurations = (
				F9EDC1E7283B762300B45A1C /* Debug */,
				F9EDC1E8283B762300B45A1C /* Release */,
			);
			defaultConfigurationIsVisible = 0;
			defaultConfigurationName = Release;
		};
/* End XCConfigurationList section */
	};
	rootObject = F9EDC1B4283B762100B45A1C /* Project object */;
}
